schema: '2.0'
stages:
  data_ingestion:
    cmd: python src/data/data_ingestion.py
    deps:
    - path: src/data/data_ingestion.py
      hash: md5
      md5: b3d88a393e4427d93b783cf2a6fd8e55
      size: 1363
    outs:
    - path: data/raw/test.csv
      hash: md5
      md5: 35b06980c6e00772e6bf783ae10ab9b7
      size: 164174
    - path: data/raw/train.csv
      hash: md5
      md5: a2aa88dfae8af3dc60e6e24a09304f4e
      size: 663799
  data_preprocessing:
    cmd: python src/data/data_preprocessing.py
    deps:
    - path: data/raw/test.csv
      hash: md5
      md5: 35b06980c6e00772e6bf783ae10ab9b7
      size: 164174
    - path: data/raw/train.csv
      hash: md5
      md5: a2aa88dfae8af3dc60e6e24a09304f4e
      size: 663799
    - path: src/data/data_preprocessing.py
      hash: md5
      md5: ab8d5dcf9376a4fcd1ce762a7cc61d5c
      size: 3186
    outs:
    - path: data/processed/test.csv
      hash: md5
      md5: 870497ce96052cddf73c1a13036432ef
      size: 112656
    - path: data/processed/train.csv
      hash: md5
      md5: 637f3709b44460480d998aff20ae7a5e
      size: 453554
  feature_engineering:
    cmd: python src/features/feature_engineering.py
    deps:
    - path: data/processed/test.csv
      hash: md5
      md5: 870497ce96052cddf73c1a13036432ef
      size: 112656
    - path: data/processed/train.csv
      hash: md5
      md5: 637f3709b44460480d998aff20ae7a5e
      size: 453554
    - path: src/features/feature_engineering.py
      hash: md5
      md5: c45461373e9443c9a2778e8aac77a131
      size: 1504
    outs:
    - path: data/interim/test_bow.csv
      hash: md5
      md5: f0c211cbaab1392ed6bcb313ae2370a8
      size: 628919
    - path: data/interim/train_bow.csv
      hash: md5
      md5: a3ca2a2a2a082e2eec7e8a2b5d6c6f03
      size: 2514791
  model_training:
    cmd: python src/models/modelling.py
    deps:
    - path: data/interim/train_bow.csv
      hash: md5
      md5: a3ca2a2a2a082e2eec7e8a2b5d6c6f03
      size: 2514791
    - path: src/models/modelling.py
      hash: md5
      md5: 96252dd29bbedb3dbec3d8999022e419
      size: 667
    outs:
    - path: models/random_forest_model.pkl
      hash: md5
      md5: aa6084f95af78b518057db869b9cfd92
      size: 652004
  model_evaluation:
    cmd: python src/models/model_evaluation.py
    deps:
    - path: data/interim/test_bow.csv
      hash: md5
      md5: f0c211cbaab1392ed6bcb313ae2370a8
      size: 628919
    - path: models/random_forest_model.pkl
      hash: md5
      md5: aa6084f95af78b518057db869b9cfd92
      size: 652004
    - path: src/models/model_evaluation.py
      hash: md5
      md5: 3a8621758cad9e686a92942afc671a65
      size: 723
    outs:
    - path: reports/metrics.json
      hash: md5
      md5: b4707011403f45ce75baaa36f2311b18
      size: 149
