schema: '2.0'
stages:
  data_ingestion:
    cmd: python src/data/data_ingestion.py
    deps:
    - path: src/data/data_ingestion.py
      hash: md5
      md5: b3d88a393e4427d93b783cf2a6fd8e55
      size: 1363
    params:
      params.yaml:
        data_ingestion.test_size: 0.4
    outs:
    - path: data/raw/test.csv
      hash: md5
      md5: 8d028d8e5c28585383276fd4538c8c39
      size: 332828
    - path: data/raw/train.csv
      hash: md5
      md5: 3aa2c149180d8f56d4acdf630b608979
      size: 495145
  data_preprocessing:
    cmd: python src/data/data_preprocessing.py
    deps:
    - path: data/raw/test.csv
      hash: md5
      md5: 8d028d8e5c28585383276fd4538c8c39
      size: 332828
    - path: data/raw/train.csv
      hash: md5
      md5: 3aa2c149180d8f56d4acdf630b608979
      size: 495145
    - path: src/data/data_preprocessing.py
      hash: md5
      md5: ab8d5dcf9376a4fcd1ce762a7cc61d5c
      size: 3186
    outs:
    - path: data/processed/test.csv
      hash: md5
      md5: edadc2b328531fd362d9db7d4838250b
      size: 227810
    - path: data/processed/train.csv
      hash: md5
      md5: 7e9214ed333be88bfa1c3d2475204133
      size: 338400
  feature_engineering:
    cmd: python src/features/feature_engineering.py
    deps:
    - path: data/processed/test.csv
      hash: md5
      md5: edadc2b328531fd362d9db7d4838250b
      size: 227810
    - path: data/processed/train.csv
      hash: md5
      md5: 7e9214ed333be88bfa1c3d2475204133
      size: 338400
    - path: src/features/feature_engineering.py
      hash: md5
      md5: c45461373e9443c9a2778e8aac77a131
      size: 1504
    params:
      params.yaml:
        feature_engineering.max_features: 1000
    outs:
    - path: data/interim/test_bow.csv
      hash: md5
      md5: c5081846c7daf0f126373e9ea0cb9b5f
      size: 8314344
    - path: data/interim/train_bow.csv
      hash: md5
      md5: 4ef1be59b3b909185d93b36f9af63e58
      size: 12468566
  model_training:
    cmd: python src/models/modelling.py
    deps:
    - path: data/interim/train_bow.csv
      hash: md5
      md5: 4ef1be59b3b909185d93b36f9af63e58
      size: 12468566
    - path: src/models/modelling.py
      hash: md5
      md5: 96252dd29bbedb3dbec3d8999022e419
      size: 667
    params:
      params.yaml:
        modelling.max_depth: 10
        modelling.n_estimators: 110
    outs:
    - path: models/random_forest_model.pkl
      hash: md5
      md5: ca83993fbbd4fb96a41b9765df62ea91
      size: 1044019
  model_evaluation:
    cmd: python src/models/model_evaluation.py
    deps:
    - path: data/interim/test_bow.csv
      hash: md5
      md5: c5081846c7daf0f126373e9ea0cb9b5f
      size: 8314344
    - path: models/random_forest_model.pkl
      hash: md5
      md5: ca83993fbbd4fb96a41b9765df62ea91
      size: 1044019
    - path: src/models/model_evaluation.py
      hash: md5
      md5: 3e20542bfef5677597cd365f236b53a2
      size: 3874
    outs:
    - path: reports/metrics.json
      hash: md5
      md5: c2b30bd4f458a2482780a9c87d712249
      size: 149
