schema: '2.0'
stages:
  data_ingestion:
    cmd: python src/data/data_ingestion.py
    deps:
    - path: src/data/data_ingestion.py
      hash: md5
      md5: b3d88a393e4427d93b783cf2a6fd8e55
      size: 1363
    params:
      params.yaml:
        data_ingestion.test_size: 0.4
    outs:
    - path: data/raw/test.csv
      hash: md5
      md5: 8d028d8e5c28585383276fd4538c8c39
      size: 332828
    - path: data/raw/train.csv
      hash: md5
      md5: 3aa2c149180d8f56d4acdf630b608979
      size: 495145
  data_preprocessing:
    cmd: python src/data/data_preprocessing.py
    deps:
    - path: data/raw/test.csv
      hash: md5
      md5: 8d028d8e5c28585383276fd4538c8c39
      size: 332828
    - path: data/raw/train.csv
      hash: md5
      md5: 3aa2c149180d8f56d4acdf630b608979
      size: 495145
    - path: src/data/data_preprocessing.py
      hash: md5
      md5: ab8d5dcf9376a4fcd1ce762a7cc61d5c
      size: 3186
    outs:
    - path: data/processed/test.csv
      hash: md5
      md5: edadc2b328531fd362d9db7d4838250b
      size: 227810
    - path: data/processed/train.csv
      hash: md5
      md5: 7e9214ed333be88bfa1c3d2475204133
      size: 338400
  feature_engineering:
    cmd: python src/features/feature_engineering.py
    deps:
    - path: data/processed/test.csv
      hash: md5
      md5: edadc2b328531fd362d9db7d4838250b
      size: 227810
    - path: data/processed/train.csv
      hash: md5
      md5: 7e9214ed333be88bfa1c3d2475204133
      size: 338400
    - path: src/features/feature_engineering.py
      hash: md5
      md5: 677b479af331b0d2916a366d65ef5b7e
      size: 5085
    params:
      params.yaml:
        feature_engineering.max_features: 1000
    outs:
    - path: data/interim/test_tfidf.csv
      hash: md5
      md5: a0457945a2bce05e7de8dfdf150f70d5
      size: 16944792
    - path: data/interim/train_tfidf.csv
      hash: md5
      md5: 8d75f2bb507f388a384231d733f288fc
      size: 25425670
  model_training:
    cmd: python src/models/modelling.py
    deps:
    - path: data/interim/train_tfidf.csv
      hash: md5
      md5: 8d75f2bb507f388a384231d733f288fc
      size: 25425670
    - path: src/models/modelling.py
      hash: md5
      md5: 73dc82590feaac997a344507bf314f32
      size: 1297
    params:
      params.yaml:
        modelling.max_depth: 10
        modelling.n_estimators: 110
    outs:
    - path: models/random_forest_model.pkl
      hash: md5
      md5: de5799c16829eef44eee831d53d39b68
      size: 956170
  model_evaluation:
    cmd: python src/models/model_evaluation.py
    deps:
    - path: data/interim/test_tfidf.csv
      hash: md5
      md5: a0457945a2bce05e7de8dfdf150f70d5
      size: 16944792
    - path: models/random_forest_model.pkl
      hash: md5
      md5: de5799c16829eef44eee831d53d39b68
      size: 956170
    - path: src/models/model_evaluation.py
      hash: md5
      md5: b6c3250296ed093ddd345659f4a830fe
      size: 4620
    outs:
    - path: reports/metrics.json
      hash: md5
      md5: cbf976add89970f7083075e4662d866d
      size: 121
